
Microsoft Visual Studio Solution File, Format Version 12.00
# Visual Studio Version 17
VisualStudioVersion = 17.14.37216.2
MinimumVisualStudioVersion = 10.0.40219.1
Project("{8BC9CEB8-8B4A-11D0-8D11-00A0C91BC942}") = "MsgcoreUtils", "MsgcoreUtils(2022).vcxproj", "{791C7D03-C263-4D81-BFC0-61E7422AD548}"
EndProject
Project("{8BC9CEB8-8B4A-11D0-8D11-00A0C91BC942}") = "Msgcore", "..\Msgcore\Msgcore(2022).vcxproj", "{C1E33B10-D6CE-44BE-8F98-080196BC682B}"
EndProject
Global
	GlobalSection(SolutionConfigurationPlatforms) = preSolution
		DebugLib|x64 = DebugLib|x64
		DebugLib|x86 = DebugLib|x86
		Debug|x64 = Debug|x64
		Debug|x86 = Debug|x86
		ReleaseLib|x64 = ReleaseLib|x64
		ReleaseLib|x86 = ReleaseLib|x86
		Release|x64 = Release|x64
		Release|x86 = Release|x86
	EndGlobalSection
	GlobalSection(ProjectConfigurationPlatforms) = postSolution
		{791C7D03-C263-4D81-BFC0-61E7422AD548}.Debug|x64.ActiveCfg = Debug|x64
		{791C7D03-C263-4D81-BFC0-61E7422AD548}.Debug|x64.Build.0 = Debug|x64
		{791C7D03-C263-4D81-BFC0-61E7422AD548}.Debug|x86.ActiveCfg = Debug|Win32
		{791C7D03-C263-4D81-BFC0-61E7422AD548}.Debug|x86.Build.0 = Debug|Win32
		{791C7D03-C263-4D81-BFC0-61E7422AD548}.DebugLib|x64.ActiveCfg = DebugLib|x64
		{791C7D03-C263-4D81-BFC0-61E7422AD548}.DebugLib|x64.Build.0 = DebugLib|x64
		{791C7D03-C263-4D81-BFC0-61E7422AD548}.DebugLib|x86.ActiveCfg = DebugLib|Win32
		{791C7D03-C263-4D81-BFC0-61E7422AD548}.DebugLib|x86.Build.0 = DebugLib|Win32
		{791C7D03-C263-4D81-BFC0-61E7422AD548}.Release|x64.ActiveCfg = Release|x64
		{791C7D03-C263-4D81-BFC0-61E7422AD548}.Release|x64.Build.0 = Release|x64
		{791C7D03-C263-4D81-BFC0-61E7422AD548}.Release|x86.ActiveCfg = Release|Win32
		{791C7D03-C263-4D81-BFC0-61E7422AD548}.Release|x86.Build.0 = Release|Win32
		{791C7D03-C263-4D81-BFC0-61E7422AD548}.ReleaseLib|x64.ActiveCfg = ReleaseLib|x64
		{791C7D03-C263-4D81-BFC0-61E7422AD548}.ReleaseLib|x64.Build.0 = ReleaseLib|x64
		{791C7D03-C263-4D81-BFC0-61E7422AD548}.ReleaseLib|x86.ActiveCfg = ReleaseLib|Win32
		{791C7D03-C263-4D81-BFC0-61E7422AD548}.ReleaseLib|x86.Build.0 = ReleaseLib|Win32
		{C1E33B10-D6CE-44BE-8F98-080196BC682B}.Debug|x64.ActiveCfg = Debug|x64
		{C1E33B10-D6CE-44BE-8F98-080196BC682B}.Debug|x64.Build.0 = Debug|x64
		{C1E33B10-D6CE-44BE-8F98-080196BC682B}.Debug|x86.ActiveCfg = Debug|Win32
		{C1E33B10-D6CE-44BE-8F98-080196BC682B}.Debug|x86.Build.0 = Debug|Win32
		{C1E33B10-D6CE-44BE-8F98-080196BC682B}.DebugLib|x64.ActiveCfg = DebugLib|x64
		{C1E33B10-D6CE-44BE-8F98-080196BC682B}.DebugLib|x64.Build.0 = DebugLib|x64
		{C1E33B10-D6CE-44BE-8F98-080196BC682B}.DebugLib|x86.ActiveCfg = DebugLib|Win32
		{C1E33B10-D6CE-44BE-8F98-080196BC682B}.DebugLib|x86.Build.0 = DebugLib|Win32
		{C1E33B10-D6CE-44BE-8F98-080196BC682B}.Release|x64.ActiveCfg = Release|x64
		{C1E33B10-D6CE-44BE-8F98-080196BC682B}.Release|x64.Build.0 = Release|x64
		{C1E33B10-D6CE-44BE-8F98-080196BC682B}.Release|x86.ActiveCfg = Release|Win32
		{C1E33B10-D6CE-44BE-8F98-080196BC682B}.Release|x86.Build.0 = Release|Win32
		{C1E33B10-D6CE-44BE-8F98-080196BC682B}.ReleaseLib|x64.ActiveCfg = ReleaseLib|x64
		{C1E33B10-D6CE-44BE-8F98-080196BC682B}.ReleaseLib|x64.Build.0 = ReleaseLib|x64
		{C1E33B10-D6CE-44BE-8F98-080196BC682B}.ReleaseLib|x86.ActiveCfg = ReleaseLib|Win32
		{C1E33B10-D6CE-44BE-8F98-080196BC682B}.ReleaseLib|x86.Build.0 = ReleaseLib|Win32
	EndGlobalSection
	GlobalSection(SolutionProperties) = preSolution
		HideSolutionNode = FALSE
	EndGlobalSection
	GlobalSection(ExtensibilityGlobals) = postSolution
		SolutionGuid = {C6549C5B-8D52-489A-97FE-EF28292D17DB}
	EndGlobalSection
EndGlobal
